
Microsoft Visual Studio Solution File, Format Version 12.00
# Visual Studio 14
VisualStudioVersion = 14.0.25420.1
MinimumVisualStudioVersion = 10.0.40219.1
Project("{FAE04EC0-301F-11D3-BF4B-00C04F79EFBC}") = "IntelliTestAndUnitTesting", "IntelliTestAndUnitTesting\IntelliTestAndUnitTesting.csproj", "{D4955988-72EF-4A57-8FDE-9C3A4134487F}"
EndProject
Project("{FAE04EC0-301F-11D3-BF4B-00C04F79EFBC}") = "IntelliTestAndUnitTesting.AutoFixtureTests", "CustomUnitTests\IntelliTestAndUnitTesting.AutoFixtureTests.csproj", "{B4487236-9F3D-4076-82B1-13B829B84CE7}"
EndProject
Project("{FAE04EC0-301F-11D3-BF4B-00C04F79EFBC}") = "IntelliTestAndUnitTesting.ShouldlyTests", "IntelliTestAndUnitTesting.ShouldlyTests\IntelliTestAndUnitTesting.ShouldlyTests.csproj", "{2C49F8D8-051F-4C58-87E6-0BA5EE9383E9}"
EndProject
Project("{FAE04EC0-301F-11D3-BF4B-00C04F79EFBC}") = "IntelliTestAndUnitTesting.DotMemoryTests", "IntelliTestAndUnitTesting.DotMemoryTests\IntelliTestAndUnitTesting.DotMemoryTests.csproj", "{D78C9C57-21C6-4762-AFD0-E2D0E95BA2CD}"
EndProject
Project("{FAE04EC0-301F-11D3-BF4B-00C04F79EFBC}") = "IntelliTestAndUnitTesting.NUnit3Tests", "IntelliTestAndUnitTesting.NUnit3Tests\IntelliTestAndUnitTesting.NUnit3Tests.csproj", "{4C86030E-CA96-4989-A106-57742E12BF24}"
EndProject
Project("{FAE04EC0-301F-11D3-BF4B-00C04F79EFBC}") = "IntelliTestAndUnitTesting.ApprovalTests", "IntelliTestAndUnitTesting.ApprovalTests\IntelliTestAndUnitTesting.ApprovalTests.csproj", "{8C04273B-9133-472E-B551-D3CA5B0E94F9}"
EndProject
Project("{FAE04EC0-301F-11D3-BF4B-00C04F79EFBC}") = "IntelliTestAndUnitTesting.Fixie", "IntelliTestAndUnitTesting.Fixie\IntelliTestAndUnitTesting.Fixie.csproj", "{23022944-D4CD-4542-AA35-33FB6E12AEF8}"
EndProject
Project("{FAE04EC0-301F-11D3-BF4B-00C04F79EFBC}") = "IntelliTestAndUnitTesting.White", "IntelliTestAndUnitTesting.White\IntelliTestAndUnitTesting.White.csproj", "{85B7A16C-2A21-4095-B94B-2B3A7A538E32}"
EndProject
Project("{FAE04EC0-301F-11D3-BF4B-00C04F79EFBC}") = "IntelliTestAndUnitTesting.NBench", "IntelliTestAndUnitTesting.NBench\IntelliTestAndUnitTesting.NBench.csproj", "{C3582A3E-9208-4A23-BCC4-E38F67C19289}"
EndProject
Project("{FAE04EC0-301F-11D3-BF4B-00C04F79EFBC}") = "IntelliTestAndUnitTesting.WhiteWpfApp", "IntelliTestAndUnitTesting.WhiteWpfApp\IntelliTestAndUnitTesting.WhiteWpfApp.csproj", "{9F7809AC-26CD-47FA-9DF1-8C91652A3358}"
EndProject
Project("{2150E333-8FDC-42A3-9474-1A3956D46DE8}") = "Apps", "Apps", "{F19C370C-3387-4992-918A-E7F93EEA2CC7}"
EndProject
Project("{FAE04EC0-301F-11D3-BF4B-00C04F79EFBC}") = "IntelliTestAndUnitTesting.Mocking", "IntelliTestAndUnitTesting.Mocking\IntelliTestAndUnitTesting.Mocking.csproj", "{3EBF8C15-0FE7-4037-B557-6018D1091DC6}"
EndProject
Project("{FAE04EC0-301F-11D3-BF4B-00C04F79EFBC}") = "IntelliTestAndUnitTesting.FluentAssertions", "IntelliTestAndUnitTesting.FluentAssertions\IntelliTestAndUnitTesting.FluentAssertions.csproj", "{0A9E5B4E-E09C-48F7-8344-662F542D01F1}"
EndProject
Global
	GlobalSection(SolutionConfigurationPlatforms) = preSolution
		Debug|Any CPU = Debug|Any CPU
		Release|Any CPU = Release|Any CPU
	EndGlobalSection
	GlobalSection(ProjectConfigurationPlatforms) = postSolution
		{D4955988-72EF-4A57-8FDE-9C3A4134487F}.Debug|Any CPU.ActiveCfg = Debug|Any CPU
		{D4955988-72EF-4A57-8FDE-9C3A4134487F}.Debug|Any CPU.Build.0 = Debug|Any CPU
		{D4955988-72EF-4A57-8FDE-9C3A4134487F}.Release|Any CPU.ActiveCfg = Release|Any CPU
		{D4955988-72EF-4A57-8FDE-9C3A4134487F}.Release|Any CPU.Build.0 = Release|Any CPU
		{B4487236-9F3D-4076-82B1-13B829B84CE7}.Debug|Any CPU.ActiveCfg = Debug|Any CPU
		{B4487236-9F3D-4076-82B1-13B829B84CE7}.Debug|Any CPU.Build.0 = Debug|Any CPU
		{B4487236-9F3D-4076-82B1-13B829B84CE7}.Release|Any CPU.ActiveCfg = Release|Any CPU
		{B4487236-9F3D-4076-82B1-13B829B84CE7}.Release|Any CPU.Build.0 = Release|Any CPU
		{2C49F8D8-051F-4C58-87E6-0BA5EE9383E9}.Debug|Any CPU.ActiveCfg = Debug|Any CPU
		{2C49F8D8-051F-4C58-87E6-0BA5EE9383E9}.Debug|Any CPU.Build.0 = Debug|Any CPU
		{2C49F8D8-051F-4C58-87E6-0BA5EE9383E9}.Release|Any CPU.ActiveCfg = Release|Any CPU
		{2C49F8D8-051F-4C58-87E6-0BA5EE9383E9}.Release|Any CPU.Build.0 = Release|Any CPU
		{D78C9C57-21C6-4762-AFD0-E2D0E95BA2CD}.Debug|Any CPU.ActiveCfg = Debug|Any CPU
		{D78C9C57-21C6-4762-AFD0-E2D0E95BA2CD}.Debug|Any CPU.Build.0 = Debug|Any CPU
		{D78C9C57-21C6-4762-AFD0-E2D0E95BA2CD}.Release|Any CPU.ActiveCfg = Release|Any CPU
		{D78C9C57-21C6-4762-AFD0-E2D0E95BA2CD}.Release|Any CPU.Build.0 = Release|Any CPU
		{4C86030E-CA96-4989-A106-57742E12BF24}.Debug|Any CPU.ActiveCfg = Debug|Any CPU
		{4C86030E-CA96-4989-A106-57742E12BF24}.Debug|Any CPU.Build.0 = Debug|Any CPU
		{4C86030E-CA96-4989-A106-57742E12BF24}.Release|Any CPU.ActiveCfg = Release|Any CPU
		{4C86030E-CA96-4989-A106-57742E12BF24}.Release|Any CPU.Build.0 = Release|Any CPU
		{8C04273B-9133-472E-B551-D3CA5B0E94F9}.Debug|Any CPU.ActiveCfg = Debug|Any CPU
		{8C04273B-9133-472E-B551-D3CA5B0E94F9}.Debug|Any CPU.Build.0 = Debug|Any CPU
		{8C04273B-9133-472E-B551-D3CA5B0E94F9}.Release|Any CPU.ActiveCfg = Release|Any CPU
		{8C04273B-9133-472E-B551-D3CA5B0E94F9}.Release|Any CPU.Build.0 = Release|Any CPU
		{23022944-D4CD-4542-AA35-33FB6E12AEF8}.Debug|Any CPU.ActiveCfg = Debug|Any CPU
		{23022944-D4CD-4542-AA35-33FB6E12AEF8}.Debug|Any CPU.Build.0 = Debug|Any CPU
		{23022944-D4CD-4542-AA35-33FB6E12AEF8}.Release|Any CPU.ActiveCfg = Release|Any CPU
		{23022944-D4CD-4542-AA35-33FB6E12AEF8}.Release|Any CPU.Build.0 = Release|Any CPU
		{85B7A16C-2A21-4095-B94B-2B3A7A538E32}.Debug|Any CPU.ActiveCfg = Debug|Any CPU
		{85B7A16C-2A21-4095-B94B-2B3A7A538E32}.Debug|Any CPU.Build.0 = Debug|Any CPU
		{85B7A16C-2A21-4095-B94B-2B3A7A538E32}.Release|Any CPU.ActiveCfg = Release|Any CPU
		{85B7A16C-2A21-4095-B94B-2B3A7A538E32}.Release|Any CPU.Build.0 = Release|Any CPU
		{C3582A3E-9208-4A23-BCC4-E38F67C19289}.Debug|Any CPU.ActiveCfg = Debug|Any CPU
		{C3582A3E-9208-4A23-BCC4-E38F67C19289}.Debug|Any CPU.Build.0 = Debug|Any CPU
		{C3582A3E-9208-4A23-BCC4-E38F67C19289}.Release|Any CPU.ActiveCfg = Release|Any CPU
		{C3582A3E-9208-4A23-BCC4-E38F67C19289}.Release|Any CPU.Build.0 = Release|Any CPU
		{9F7809AC-26CD-47FA-9DF1-8C91652A3358}.Debug|Any CPU.ActiveCfg = Debug|Any CPU
		{9F7809AC-26CD-47FA-9DF1-8C91652A3358}.Debug|Any CPU.Build.0 = Debug|Any CPU
		{9F7809AC-26CD-47FA-9DF1-8C91652A3358}.Release|Any CPU.ActiveCfg = Release|Any CPU
		{9F7809AC-26CD-47FA-9DF1-8C91652A3358}.Release|Any CPU.Build.0 = Release|Any CPU
		{3EBF8C15-0FE7-4037-B557-6018D1091DC6}.Debug|Any CPU.ActiveCfg = Debug|Any CPU
		{3EBF8C15-0FE7-4037-B557-6018D1091DC6}.Debug|Any CPU.Build.0 = Debug|Any CPU
		{3EBF8C15-0FE7-4037-B557-6018D1091DC6}.Release|Any CPU.ActiveCfg = Release|Any CPU
		{3EBF8C15-0FE7-4037-B557-6018D1091DC6}.Release|Any CPU.Build.0 = Release|Any CPU
		{0A9E5B4E-E09C-48F7-8344-662F542D01F1}.Debug|Any CPU.ActiveCfg = Debug|Any CPU
		{0A9E5B4E-E09C-48F7-8344-662F542D01F1}.Debug|Any CPU.Build.0 = Debug|Any CPU
		{0A9E5B4E-E09C-48F7-8344-662F542D01F1}.Release|Any CPU.ActiveCfg = Release|Any CPU
		{0A9E5B4E-E09C-48F7-8344-662F542D01F1}.Release|Any CPU.Build.0 = Release|Any CPU
	EndGlobalSection
	GlobalSection(SolutionProperties) = preSolution
		HideSolutionNode = FALSE
	EndGlobalSection
	GlobalSection(NestedProjects) = preSolution
		{9F7809AC-26CD-47FA-9DF1-8C91652A3358} = {F19C370C-3387-4992-918A-E7F93EEA2CC7}
	EndGlobalSection
EndGlobal
